# THIS IS AN AUTOGENERATED FILE. DO NOT EDIT THIS FILE DIRECTLY.
# yarn lockfile v1


abbrev@1:
  version "1.1.1"
  resolved "https://registry.npm.taobao.org/abbrev/download/abbrev-1.1.1.tgz#f8f2c887ad10bf67f634f005b6987fed3179aac8"
  integrity sha1-+PLIh60Qv2f2NPAFtph/7TF5qsg=

amdefine@>=0.0.4:
  version "1.0.1"
  resolved "https://registry.npm.taobao.org/amdefine/download/amdefine-1.0.1.tgz#4a5282ac164729e93619bcfd3ad151f817ce91f5"
  integrity sha1-SlKCrBZHKek2Gbz9OtFR+BfOkfU=

"argparse@~ 0.1.11":
  version "0.1.16"
  resolved "https://registry.npm.taobao.org/argparse/download/argparse-0.1.16.tgz?cache=0&sync_timestamp=1597414350916&other_urls=https%3A%2F%2Fregistry.npm.taobao.org%2Fargparse%2Fdownload%2Fargparse-0.1.16.tgz#cfd01e0fbba3d6caed049fbd758d40f65196f57c"
  integrity sha1-z9AeD7uj1srtBJ+9dY1A9lGW9Xw=
  dependencies:
    underscore "~1.7.0"
    underscore.string "~2.4.0"

async@~0.1.22:
  version "0.1.22"
  resolved "https://registry.npm.taobao.org/async/download/async-0.1.22.tgz#0fc1aaa088a0e3ef0ebe2d8831bab0dcf8845061"
  integrity sha1-D8GqoIig4+8Ovi2IMbqw3PiEUGE=

clean-css@0.9.1:
  version "0.9.1"
  resolved "https://registry.npm.taobao.org/clean-css/download/clean-css-0.9.1.tgz#48b22151b90056e139a80d4c824e0f0f33ac3607"
  integrity sha1-SLIhUbkAVuE5qA1Mgk4PDzOsNgc=
  dependencies:
    optimist "0.3.x"

coffee-script@>=1.0.1:
  version "1.12.7"
  resolved "https://registry.npm.taobao.org/coffee-script/download/coffee-script-1.12.7.tgz#c05dae0cb79591d05b3070a8433a98c9a89ccc53"
  integrity sha1-wF2uDLeVkdBbMHCoQzqYyaiczFM=

coffee-script@~1.3.3:
  version "1.3.3"
  resolved "https://registry.npm.taobao.org/coffee-script/download/coffee-script-1.3.3.tgz#150d6b4cb522894369efed6a2101c20bc7f4a4f4"
  integrity sha1-FQ1rTLUiiUNp7+1qIQHCC8f0pPQ=

colors@~0.6.2:
  version "0.6.2"
  resolved "https://registry.npm.taobao.org/colors/download/colors-0.6.2.tgz#2423fe6678ac0c5dae8852e5d0e5be08c997abcc"
  integrity sha1-JCP+ZnisDF2uiFLl0OW+CMmXq8w=

"crc32@>= 0.2.2":
  version "0.2.2"
  resolved "https://registry.npm.taobao.org/crc32/download/crc32-0.2.2.tgz#7ad220d6ffdcd119f9fc127a7772cacea390a4ba"
  integrity sha1-etIg1v/c0Rn5/BJ6d3LKzqOQpLo=

csslint@0.9.9:
  version "0.9.9"
  resolved "https://registry.npm.taobao.org/csslint/download/csslint-0.9.9.tgz#1be857346d8d11de4802b34500821bb26b5b2121"
  integrity sha1-G+hXNG2NEd5IArNFAIIbsmtbISE=

dateformat@1.0.2-1.2.3:
  version "1.0.2-1.2.3"
  resolved "https://registry.npm.taobao.org/dateformat/download/dateformat-1.0.2-1.2.3.tgz#b0220c02de98617433b72851cf47de3df2cdbee9"
  integrity sha1-sCIMAt6YYXQztyhRz0fePfLNvuk=

"deflate-js@>= 0.2.2":
  version "0.2.3"
  resolved "https://registry.npm.taobao.org/deflate-js/download/deflate-js-0.2.3.tgz#f85abb58ebc5151a306147473d57c3e4f7e4426b"
  integrity sha1-+Fq7WOvFFRowYUdHPVfD5PfkQms=

"esprima@~ 1.0.2":
  version "1.0.4"
  resolved "https://registry.npm.taobao.org/esprima/download/esprima-1.0.4.tgz?cache=0&other_urls=https%3A%2F%2Fregistry.npm.taobao.org%2Fesprima%2Fdownload%2Fesprima-1.0.4.tgz#9f557e08fc3b4d26ece9dd34f8fbf476b62585ad"
  integrity sha1-n1V+CPw7TSbs6d00+Pv0drYlha0=

eventemitter2@~0.4.13:
  version "0.4.14"
  resolved "https://registry.npm.taobao.org/eventemitter2/download/eventemitter2-0.4.14.tgz?cache=0&sync_timestamp=1592868807329&other_urls=https%3A%2F%2Fregistry.npm.taobao.org%2Feventemitter2%2Fdownload%2Feventemitter2-0.4.14.tgz#8f61b75cde012b2e9eb284d4545583b5643b61ab"
  integrity sha1-j2G3XN4BKy6esoTUVFWDtWQ7Yas=

exit@~0.1.1:
  version "0.1.2"
  resolved "https://registry.npm.taobao.org/exit/download/exit-0.1.2.tgz#0632638f8d877cc82107d30a0fff1a17cba1cd0c"
  integrity sha1-BjJjj42HfMghB9MKD/8aF8uhzQw=

findup-sync@~0.1.2:
  version "0.1.3"
  resolved "https://registry.npm.taobao.org/findup-sync/download/findup-sync-0.1.3.tgz#7f3e7a97b82392c653bf06589bd85190e93c3683"
  integrity sha1-fz56l7gjksZTvwZYm9hRkOk8NoM=
  dependencies:
    glob "~3.2.9"
    lodash "~2.4.1"

getobject@~0.1.0:
  version "0.1.0"
  resolved "https://registry.npm.taobao.org/getobject/download/getobject-0.1.0.tgz#047a449789fa160d018f5486ed91320b6ec7885c"
  integrity sha1-BHpEl4n6Fg0Bj1SG7ZEyC27HiFw=

glob@~3.1.21:
  version "3.1.21"
  resolved "https://registry.npm.taobao.org/glob/download/glob-3.1.21.tgz?cache=0&sync_timestamp=1573078079496&other_urls=https%3A%2F%2Fregistry.npm.taobao.org%2Fglob%2Fdownload%2Fglob-3.1.21.tgz#d29e0a055dea5138f4d07ed40e8982e83c2066cd"
  integrity sha1-0p4KBV3qUTj00H7UDomC6DwgZs0=
  dependencies:
    graceful-fs "~1.2.0"
    inherits "1"
    minimatch "~0.2.11"

glob@~3.2.9:
  version "3.2.11"
  resolved "https://registry.npm.taobao.org/glob/download/glob-3.2.11.tgz?cache=0&sync_timestamp=1573078079496&other_urls=https%3A%2F%2Fregistry.npm.taobao.org%2Fglob%2Fdownload%2Fglob-3.2.11.tgz#4a973f635b9190f715d10987d5c00fd2815ebe3d"
  integrity sha1-Spc/Y1uRkPcV0QmH1cAP0oFevj0=
  dependencies:
    inherits "2"
    minimatch "0.3"

graceful-fs@~1.2.0:
  version "1.2.3"
  resolved "https://registry.npm.taobao.org/graceful-fs/download/graceful-fs-1.2.3.tgz?cache=0&sync_timestamp=1588086876757&other_urls=https%3A%2F%2Fregistry.npm.taobao.org%2Fgraceful-fs%2Fdownload%2Fgraceful-fs-1.2.3.tgz#15a4806a57547cb2d2dbf27f42e89a8c3451b364"
  integrity sha1-FaSAaldUfLLS2/J/QuiajDRRs2Q=

grunt-bump@0.0.2:
  version "0.0.2"
  resolved "https://registry.npm.taobao.org/grunt-bump/download/grunt-bump-0.0.2.tgz#212c99776adaa68b15ff686e7fa65f61e516aa46"
  integrity sha1-ISyZd2raposV/2huf6ZfYeUWqkY=

grunt-contrib-concat@0.1.3:
  version "0.1.3"
  resolved "https://registry.npm.taobao.org/grunt-contrib-concat/download/grunt-contrib-concat-0.1.3.tgz#df9a1a9bc8d75fcd00794b3d0f6d8ae8278523ac"
  integrity sha1-35oam8jXX80AeUs9D22K6CeFI6w=

grunt-contrib-copy@0.4.0:
  version "0.4.0"
  resolved "https://registry.npm.taobao.org/grunt-contrib-copy/download/grunt-contrib-copy-0.4.0.tgz#bddc1a73a526273f74b5c6fb20a4cfc8ee1c587d"
  integrity sha1-vdwac6UmJz90tcb7IKTPyO4cWH0=

grunt-contrib-uglify@0.1.1:
  version "0.1.1"
  resolved "https://registry.npm.taobao.org/grunt-contrib-uglify/download/grunt-contrib-uglify-0.1.1.tgz#0006a30a68aff949ae869f3eb738fcc6dd7877ac"
  integrity sha1-AAajCmiv+Umuhp8+tzj8xt14d6w=
  dependencies:
    gzip-js "~0.3.1"
    uglify-js "~2.2.1"

grunt-css@0.5.3:
  version "0.5.3"
  resolved "https://registry.npm.taobao.org/grunt-css/download/grunt-css-0.5.3.tgz#e6c5034128534c2d9b53b000db8cbaed6564f564"
  integrity sha1-5sUDQShTTC2bU7AA24y67WVk9WQ=
  dependencies:
    clean-css "0.9.1"
    csslint "0.9.9"
    gzip-js "0.3.1"

grunt-legacy-log-utils@~0.1.1:
  version "0.1.1"
  resolved "https://registry.npm.taobao.org/grunt-legacy-log-utils/download/grunt-legacy-log-utils-0.1.1.tgz#c0706b9dd9064e116f36f23fe4e6b048672c0f7e"
  integrity sha1-wHBrndkGThFvNvI/5OawSGcsD34=
  dependencies:
    colors "~0.6.2"
    lodash "~2.4.1"
    underscore.string "~2.3.3"

grunt-legacy-log@~0.1.0:
  version "0.1.3"
  resolved "https://registry.npm.taobao.org/grunt-legacy-log/download/grunt-legacy-log-0.1.3.tgz#ec29426e803021af59029f87d2f9cd7335a05531"
  integrity sha1-7ClCboAwIa9ZAp+H0vnNczWgVTE=
  dependencies:
    colors "~0.6.2"
    grunt-legacy-log-utils "~0.1.1"
    hooker "~0.2.3"
    lodash "~2.4.1"
    underscore.string "~2.3.3"

grunt-legacy-util@~0.2.0:
  version "0.2.0"
  resolved "https://registry.npm.taobao.org/grunt-legacy-util/download/grunt-legacy-util-0.2.0.tgz#93324884dbf7e37a9ff7c026dff451d94a9e554b"
  integrity sha1-kzJIhNv343qf98Am3/RR2UqeVUs=
  dependencies:
    async "~0.1.22"
    exit "~0.1.1"
    getobject "~0.1.0"
    hooker "~0.2.3"
    lodash "~0.9.2"
    underscore.string "~2.2.1"
    which "~1.0.5"

grunt@~0.4.0:
  version "0.4.5"
  resolved "https://registry.npm.taobao.org/grunt/download/grunt-0.4.5.tgz?cache=0&other_urls=https%3A%2F%2Fregistry.npm.taobao.org%2Fgrunt%2Fdownload%2Fgrunt-0.4.5.tgz#56937cd5194324adff6d207631832a9d6ba4e7f0"
  integrity sha1-VpN81RlDJK3/bSB2MYMqnWuk5/A=
  dependencies:
    async "~0.1.22"
    coffee-script "~1.3.3"
    colors "~0.6.2"
    dateformat "1.0.2-1.2.3"
    eventemitter2 "~0.4.13"
    exit "~0.1.1"
    findup-sync "~0.1.2"
    getobject "~0.1.0"
    glob "~3.1.21"
    grunt-legacy-log "~0.1.0"
    grunt-legacy-util "~0.2.0"
    hooker "~0.2.3"
    iconv-lite "~0.2.11"
    js-yaml "~2.0.5"
    lodash "~0.9.2"
    minimatch "~0.2.12"
    nopt "~1.0.10"
    rimraf "~2.2.8"
    underscore.string "~2.2.1"
    which "~1.0.5"

gzip-js@0.3.1:
  version "0.3.1"
  resolved "https://registry.npm.taobao.org/gzip-js/download/gzip-js-0.3.1.tgz?cache=0&other_urls=https%3A%2F%2Fregistry.npm.taobao.org%2Fgzip-js%2Fdownload%2Fgzip-js-0.3.1.tgz#7a367c4d40921033010218a2740659db8caf2792"
  integrity sha1-ejZ8TUCSEDMBAhiidAZZ24yvJ5I=
  dependencies:
    crc32 ">= 0.2.2"
    deflate-js ">= 0.2.2"

gzip-js@~0.3.1:
  version "0.3.2"
  resolved "https://registry.npm.taobao.org/gzip-js/download/gzip-js-0.3.2.tgz?cache=0&other_urls=https%3A%2F%2Fregistry.npm.taobao.org%2Fgzip-js%2Fdownload%2Fgzip-js-0.3.2.tgz#23117efeeb28cf385248deff0dffad894836d96b"
  integrity sha1-IxF+/usozzhSSN7/Df+tiUg22Ws=
  dependencies:
    crc32 ">= 0.2.2"
    deflate-js ">= 0.2.2"

hooker@~0.2.3:
  version "0.2.3"
  resolved "https://registry.npm.taobao.org/hooker/download/hooker-0.2.3.tgz#b834f723cc4a242aa65963459df6d984c5d3d959"
  integrity sha1-uDT3I8xKJCqmWWNFnfbZhMXT2Vk=

iconv-lite@~0.2.11:
  version "0.2.11"
  resolved "https://registry.npm.taobao.org/iconv-lite/download/iconv-lite-0.2.11.tgz?cache=0&sync_timestamp=1594184250387&other_urls=https%3A%2F%2Fregistry.npm.taobao.org%2Ficonv-lite%2Fdownload%2Ficonv-lite-0.2.11.tgz#1ce60a3a57864a292d1321ff4609ca4bb965adc8"
  integrity sha1-HOYKOleGSiktEyH/RgnKS7llrcg=

inherits@1:
  version "1.0.2"
  resolved "https://registry.npm.taobao.org/inherits/download/inherits-1.0.2.tgz#ca4309dadee6b54cc0b8d247e8d7c7a0975bdc9b"
  integrity sha1-ykMJ2t7mtUzAuNJH6NfHoJdb3Js=

inherits@2:
  version "2.0.4"
  resolved "https://registry.npm.taobao.org/inherits/download/inherits-2.0.4.tgz#0fa2c64f932917c3433a0ded55363aae37416b7c"
  integrity sha1-D6LGT5MpF8NDOg3tVTY6rjdBa3w=

jasmine-node@1.0.28:
  version "1.0.28"
  resolved "https://registry.npm.taobao.org/jasmine-node/download/jasmine-node-1.0.28.tgz#9572c881d574e23d2ced2c8cd557cb3072ece6e2"
  integrity sha1-lXLIgdV04j0s7SyM1VfLMHLs5uI=
  dependencies:
    coffee-script ">=1.0.1"
    jasmine-reporters ">=0.2.0"
    requirejs ">=0.27.1"
    underscore ">= 1.3.1"
    walkdir ">= 0.0.1"

jasmine-reporters@>=0.2.0:
  version "2.3.2"
  resolved "https://registry.npm.taobao.org/jasmine-reporters/download/jasmine-reporters-2.3.2.tgz#898818ffc234eb8b3f635d693de4586f95548d43"
  integrity sha1-iYgY/8I064s/Y11pPeRYb5VUjUM=
  dependencies:
    mkdirp "^0.5.1"
    xmldom "^0.1.22"

js-yaml@~2.0.5:
  version "2.0.5"
  resolved "https://registry.npm.taobao.org/js-yaml/download/js-yaml-2.0.5.tgz?cache=0&sync_timestamp=1590172122543&other_urls=https%3A%2F%2Fregistry.npm.taobao.org%2Fjs-yaml%2Fdownload%2Fjs-yaml-2.0.5.tgz#a25ae6509999e97df278c6719da11bd0687743a8"
  integrity sha1-olrmUJmZ6X3yeMZxnaEb0Gh3Q6g=
  dependencies:
    argparse "~ 0.1.11"
    esprima "~ 1.0.2"

lodash@~0.9.2:
  version "0.9.2"
  resolved "https://registry.npm.taobao.org/lodash/download/lodash-0.9.2.tgz?cache=0&sync_timestamp=1597336196663&other_urls=https%3A%2F%2Fregistry.npm.taobao.org%2Flodash%2Fdownload%2Flodash-0.9.2.tgz#8f3499c5245d346d682e5b0d3b40767e09f1a92c"
  integrity sha1-jzSZxSRdNG1oLlsNO0B2fgnxqSw=

lodash@~2.4.1:
  version "2.4.2"
  resolved "https://registry.npm.taobao.org/lodash/download/lodash-2.4.2.tgz?cache=0&sync_timestamp=1597336196663&other_urls=https%3A%2F%2Fregistry.npm.taobao.org%2Flodash%2Fdownload%2Flodash-2.4.2.tgz#fadd834b9683073da179b3eae6d9c0d15053f73e"
  integrity sha1-+t2DS5aDBz2hebPq5tnA0VBT9z4=

lru-cache@2:
  version "2.7.3"
  resolved "https://registry.npm.taobao.org/lru-cache/download/lru-cache-2.7.3.tgz?cache=0&sync_timestamp=1594427567713&other_urls=https%3A%2F%2Fregistry.npm.taobao.org%2Flru-cache%2Fdownload%2Flru-cache-2.7.3.tgz#6d4524e8b955f95d4f5b58851ce21dd72fb4e952"
  integrity sha1-bUUk6LlV+V1PW1iFHOId1y+06VI=

minimatch@0.3:
  version "0.3.0"
  resolved "https://registry.npm.taobao.org/minimatch/download/minimatch-0.3.0.tgz#275d8edaac4f1bb3326472089e7949c8394699dd"
  integrity sha1-J12O2qxPG7MyZHIInnlJyDlGmd0=
  dependencies:
    lru-cache "2"
    sigmund "~1.0.0"

minimatch@~0.2.11, minimatch@~0.2.12:
  version "0.2.14"
  resolved "https://registry.npm.taobao.org/minimatch/download/minimatch-0.2.14.tgz#c74e780574f63c6f9a090e90efbe6ef53a6a756a"
  integrity sha1-x054BXT2PG+aCQ6Q775u9TpqdWo=
  dependencies:
    lru-cache "2"
    sigmund "~1.0.0"

minimist@^1.2.5:
  version "1.2.5"
  resolved "https://registry.npm.taobao.org/minimist/download/minimist-1.2.5.tgz#67d66014b66a6a8aaa0c083c5fd58df4e4e97602"
  integrity sha1-Z9ZgFLZqaoqqDAg8X9WN9OTpdgI=

mkdirp@^0.5.1:
  version "0.5.5"
  resolved "https://registry.npm.taobao.org/mkdirp/download/mkdirp-0.5.5.tgz?cache=0&sync_timestamp=1587535418745&other_urls=https%3A%2F%2Fregistry.npm.taobao.org%2Fmkdirp%2Fdownload%2Fmkdirp-0.5.5.tgz#d91cefd62d1436ca0f41620e251288d420099def"
  integrity sha1-2Rzv1i0UNsoPQWIOJRKI1CAJne8=
  dependencies:
    minimist "^1.2.5"

nopt@~1.0.10:
  version "1.0.10"
  resolved "https://registry.npm.taobao.org/nopt/download/nopt-1.0.10.tgz?cache=0&sync_timestamp=1597649905420&other_urls=https%3A%2F%2Fregistry.npm.taobao.org%2Fnopt%2Fdownload%2Fnopt-1.0.10.tgz#6ddd21bd2a31417b92727dd585f8a6f37608ebee"
  integrity sha1-bd0hvSoxQXuScn3Vhfim83YI6+4=
  dependencies:
    abbrev "1"

optimist@0.3.x, optimist@~0.3.5:
  version "0.3.7"
  resolved "https://registry.npm.taobao.org/optimist/download/optimist-0.3.7.tgz#c90941ad59e4273328923074d2cf2e7cbc6ec0d9"
  integrity sha1-yQlBrVnkJzMokjB00s8ufLxuwNk=
  dependencies:
    wordwrap "~0.0.2"

requirejs@>=0.27.1:
  version "2.3.6"
  resolved "https://registry.npm.taobao.org/requirejs/download/requirejs-2.3.6.tgz#e5093d9601c2829251258c0b9445d4d19fa9e7c9"
  integrity sha1-5Qk9lgHCgpJRJYwLlEXU0Z+p58k=

rimraf@~2.2.8:
  version "2.2.8"
  resolved "https://registry.npm.taobao.org/rimraf/download/rimraf-2.2.8.tgz?cache=0&sync_timestamp=1581229865753&other_urls=https%3A%2F%2Fregistry.npm.taobao.org%2Frimraf%2Fdownload%2Frimraf-2.2.8.tgz#e439be2aaee327321952730f99a8929e4fc50582"
  integrity sha1-5Dm+Kq7jJzIZUnMPmaiSnk/FBYI=

sigmund@~1.0.0:
  version "1.0.1"
  resolved "https://registry.npm.taobao.org/sigmund/download/sigmund-1.0.1.tgz#3ff21f198cad2175f9f3b781853fd94d0d19b590"
  integrity sha1-P/IfGYytIXX587eBhT/ZTQ0ZtZA=

source-map@~0.1.7:
  version "0.1.43"
  resolved "https://registry.npm.taobao.org/source-map/download/source-map-0.1.43.tgz#c24bc146ca517c1471f5dacbe2571b2b7f9e3346"
  integrity sha1-wkvBRspRfBRx9drL4lcbK3+eM0Y=
  dependencies:
    amdefine ">=0.0.4"

uglify-js@~2.2.1:
  version "2.2.5"
  resolved "https://registry.npm.taobao.org/uglify-js/download/uglify-js-2.2.5.tgz?cache=0&sync_timestamp=1596387375557&other_urls=https%3A%2F%2Fregistry.npm.taobao.org%2Fuglify-js%2Fdownload%2Fuglify-js-2.2.5.tgz#a6e02a70d839792b9780488b7b8b184c095c99c7"
  integrity sha1-puAqcNg5eSuXgEiLe4sYTAlcmcc=
  dependencies:
    optimist "~0.3.5"
    source-map "~0.1.7"

underscore.string@~2.2.1:
  version "2.2.1"
  resolved "https://registry.npm.taobao.org/underscore.string/download/underscore.string-2.2.1.tgz#d7c0fa2af5d5a1a67f4253daee98132e733f0f19"
  integrity sha1-18D6KvXVoaZ/QlPa7pgTLnM/Dxk=

underscore.string@~2.3.3:
  version "2.3.3"
  resolved "https://registry.npm.taobao.org/underscore.string/download/underscore.string-2.3.3.tgz#71c08bf6b428b1133f37e78fa3a21c82f7329b0d"
  integrity sha1-ccCL9rQosRM/N+ePo6Icgvcymw0=

underscore.string@~2.4.0:
  version "2.4.0"
  resolved "https://registry.npm.taobao.org/underscore.string/download/underscore.string-2.4.0.tgz#8cdd8fbac4e2d2ea1e7e2e8097c42f442280f85b"
  integrity sha1-jN2PusTi0uoefi6Al8QvRCKA+Fs=

"underscore@>= 1.3.1":
  version "1.10.2"
  resolved "https://registry.npm.taobao.org/underscore/download/underscore-1.10.2.tgz#73d6aa3668f3188e4adb0f1943bd12cfd7efaaaf"
  integrity sha1-c9aqNmjzGI5K2w8ZQ70Sz9fvqq8=

underscore@~1.7.0:
  version "1.7.0"
  resolved "https://registry.npm.taobao.org/underscore/download/underscore-1.7.0.tgz#6bbaf0877500d36be34ecaa584e0db9fef035209"
  integrity sha1-a7rwh3UA02vjTsqlhODbn+8DUgk=

"walkdir@>= 0.0.1":
  version "0.4.1"
  resolved "https://registry.npm.taobao.org/walkdir/download/walkdir-0.4.1.tgz#dc119f83f4421df52e3061e514228a2db20afa39"
  integrity sha1-3BGfg/RCHfUuMGHlFCKKLbIK+jk=

which@~1.0.5:
  version "1.0.9"
  resolved "https://registry.npm.taobao.org/which/download/which-1.0.9.tgz?cache=0&sync_timestamp=1574116262707&other_urls=https%3A%2F%2Fregistry.npm.taobao.org%2Fwhich%2Fdownload%2Fwhich-1.0.9.tgz#460c1da0f810103d0321a9b633af9e575e64486f"
  integrity sha1-RgwdoPgQED0DIam2M6+eV15kSG8=

wordwrap@~0.0.2:
  version "0.0.3"
  resolved "https://registry.npm.taobao.org/wordwrap/download/wordwrap-0.0.3.tgz#a3d5da6cd5c0bc0008d37234bbaf1bed63059107"
  integrity sha1-o9XabNXAvAAI03I0u68b7WMFkQc=

xmldom@^0.1.22:
  version "0.1.31"
  resolved "https://registry.npm.taobao.org/xmldom/download/xmldom-0.1.31.tgz#b76c9a1bd9f0a9737e5a72dc37231cf38375e2ff"
  integrity sha1-t2yaG9nwqXN+WnLcNyMc84N14v8=
